{
  "originHash" : "030ddc65bca272c92673697affa839b7349f3b1c3ffc65fb1fcaf44880320e5d",
  "pins" : [
    {
      "identity" : "ios-module",
      "kind" : "remoteSourceControl",
      "location" : "https://github.com/lvnvn177/iOS-Module.git",
      "state" : {
        "branch" : "main",
        "revision" : "b880568e9423ab0d7ea7e826e90b131e7ad5ab1c"
      }
    }
  ],
  "version" : 3
}
